
Microsoft Visual Studio Solution File, Format Version 12.00
Project("{FAE04EC0-301F-11D3-BF4B-00C04F79EFBC}") = "SignalFriend", "SignalFriend.csproj", "{9025451F-0895-4E6B-8226-BABAD6DE0427}"
EndProject
Global
	GlobalSection(SolutionConfigurationPlatforms) = preSolution
		Debug|Any CPU = Debug|Any CPU
		Release|Any CPU = Release|Any CPU
	EndGlobalSection
	GlobalSection(ProjectConfigurationPlatforms) = postSolution
		{9025451F-0895-4E6B-8226-BABAD6DE0427}.Debug|Any CPU.ActiveCfg = Debug|Any CPU
		{9025451F-0895-4E6B-8226-BABAD6DE0427}.Debug|Any CPU.Build.0 = Debug|Any CPU
		{9025451F-0895-4E6B-8226-BABAD6DE0427}.Release|Any CPU.ActiveCfg = Release|Any CPU
		{9025451F-0895-4E6B-8226-BABAD6DE0427}.Release|Any CPU.Build.0 = Release|Any CPU
	EndGlobalSection
EndGlobal
