
Microsoft Visual Studio Solution File, Format Version 12.00
# Visual Studio 15
VisualStudioVersion = 15.0.27004.2009
MinimumVisualStudioVersion = 10.0.40219.1
Project("{2150E333-8FDC-42A3-9474-1A3956D46DE8}") = "Ch02", "Ch02", "{498367C8-2BC1-4C34-8950-CD43525C2186}"
EndProject
Project("{2150E333-8FDC-42A3-9474-1A3956D46DE8}") = "Src", "Src", "{DD860377-8AD1-438D-863C-44B6A477DC3B}"
EndProject
Project("{2150E333-8FDC-42A3-9474-1A3956D46DE8}") = "Ch01", "Ch01", "{BD9FA2CC-467F-4C8E-8718-5265F4C77EFF}"
EndProject
Project("{2150E333-8FDC-42A3-9474-1A3956D46DE8}") = "Ch03", "Ch03", "{86E15B8E-0B0C-4146-8380-3E7E909D6380}"
EndProject
Project("{9A19103F-16F7-4668-BE54-9A1E7A4F7556}") = "Ch01.HelloWorldConsole", "Src\Ch01\HelloWorldConsole\Ch01.HelloWorldConsole.csproj", "{FEF3B0E3-492F-4FFF-9824-FF077E6CA725}"
EndProject
Project("{9A19103F-16F7-4668-BE54-9A1E7A4F7556}") = "Ch02.Echo", "Src\Ch02\Echo\Ch02.Echo.csproj", "{B537ACE5-478A-4A6C-8FED-8323EC8EBBA4}"
EndProject
Project("{9A19103F-16F7-4668-BE54-9A1E7A4F7556}") = "Ch02.Environments", "Src\Ch02\Environments\Ch02.Environments.csproj", "{C96B9DFD-5669-4B8D-8471-415A8D1471A1}"
EndProject
Project("{9A19103F-16F7-4668-BE54-9A1E7A4F7556}") = "Ch02.FileServer", "Src\Ch02\FileServer\Ch02.FileServer.csproj", "{6C62050F-5222-47D2-AFCB-1AD922EFDF94}"
EndProject
Project("{9A19103F-16F7-4668-BE54-9A1E7A4F7556}") = "Ch02.MiniWeb", "Src\Ch02\MiniWeb\Ch02.MiniWeb.csproj", "{686BAB77-31D9-476E-AC5B-8D740B6FB169}"
EndProject
Project("{9A19103F-16F7-4668-BE54-9A1E7A4F7556}") = "Ch03.Routes", "Src\Ch03\Routes\Ch03.Routes.csproj", "{6C4E1B88-F92A-44CB-B087-46211F6DAE5C}"
EndProject
Project("{9A19103F-16F7-4668-BE54-9A1E7A4F7556}") = "Ch01.HelloWorldWeb", "Src\Ch01\HelloWorldWeb\Ch01.HelloWorldWeb.csproj", "{F3A8555E-171B-400D-92CF-C995A5AAAC0A}"
EndProject
Project("{2150E333-8FDC-42A3-9474-1A3956D46DE8}") = "Ch04", "Ch04", "{647438E8-C7A0-4547-9885-AB94C807A62B}"
EndProject
Project("{9A19103F-16F7-4668-BE54-9A1E7A4F7556}") = "Ch03.RoutesEx", "Src\Ch03\RoutesEx\Ch03.RoutesEx.csproj", "{C61BCC2F-97C6-47A5-88B7-BD2CDFB9CCFF}"
EndProject
Project("{9A19103F-16F7-4668-BE54-9A1E7A4F7556}") = "Ch04.Simple", "Src\Ch04\Simple\Ch04.Simple.csproj", "{CA7AAA42-D6BC-4ADD-A0E1-B6A6B9E2CCFF}"
EndProject
Project("{9A19103F-16F7-4668-BE54-9A1E7A4F7556}") = "Ch04.Poco", "Src\Ch04\Poco\Ch04.Poco.csproj", "{B10CC292-B0FE-4911-B554-68994C064911}"
EndProject
Project("{9A19103F-16F7-4668-BE54-9A1E7A4F7556}") = "Ch04.AttrRouting", "src\ch04\AttrRouting\Ch04.AttrRouting.csproj", "{2C2AC363-5A7B-40B8-A22B-C2675F3108C7}"
EndProject
Project("{2150E333-8FDC-42A3-9474-1A3956D46DE8}") = "Ch05", "Ch05", "{49C071E8-C72E-43DE-BD80-1C41D1133ADE}"
EndProject
Project("{9A19103F-16F7-4668-BE54-9A1E7A4F7556}") = "Ch05.ViewEngine", "Src\Ch05\ViewEngine\Ch05.ViewEngine.csproj", "{B372E795-A04D-4866-84CD-CC01E7D4984A}"
EndProject
Project("{9A19103F-16F7-4668-BE54-9A1E7A4F7556}") = "Ch05.JustViews", "Src\Ch05\ExtraViews\Ch05.JustViews.csproj", "{27A7B995-75F5-4F21-BF2E-AD029A9B9F32}"
EndProject
Project("{2150E333-8FDC-42A3-9474-1A3956D46DE8}") = "Ch06", "Ch06", "{E98FD655-EACE-40CF-B30E-2CF32D6C6A82}"
EndProject
Project("{2150E333-8FDC-42A3-9474-1A3956D46DE8}") = "Ch07", "Ch07", "{21F83F02-40F3-4229-97E0-BB312A5E0F00}"
EndProject
Project("{2150E333-8FDC-42A3-9474-1A3956D46DE8}") = "Ch08", "Ch08", "{D485213E-E8D8-41F1-8C08-A3E5DD902195}"
EndProject
Project("{9A19103F-16F7-4668-BE54-9A1E7A4F7556}") = "Ch06.TagHelpers", "Src\Ch06\TagHelpers\Ch06.TagHelpers.csproj", "{C20516FF-B1FC-41D9-AEEF-AAC01D7159D2}"
EndProject
Project("{9A19103F-16F7-4668-BE54-9A1E7A4F7556}") = "Ch06.BootstrapTagHelpers", "Src\Ch06\BootstrapTagHelpers\Ch06.BootstrapTagHelpers.csproj", "{18588CED-E3D2-49ED-9DC8-B7FB9DA7FF65}"
EndProject
Project("{9A19103F-16F7-4668-BE54-9A1E7A4F7556}") = "Ch07.Config", "Src\Ch07\Config\Ch07.Config.csproj", "{EC9C5FB1-7A5D-4FB9-8572-AD5FD57F80EA}"
EndProject
Project("{9A19103F-16F7-4668-BE54-9A1E7A4F7556}") = "Ch07.Except", "Src\Ch07\Excep\Ch07.Except.csproj", "{C68E64B7-4A69-4CCA-83EA-C4386247C02B}"
EndProject
Project("{9A19103F-16F7-4668-BE54-9A1E7A4F7556}") = "Ch07.UserSecrets", "Src\Ch07\UserSecrets\Ch07.UserSecrets.csproj", "{1733D5EC-4F4A-4925-A5F0-384C8A529008}"
EndProject
Project("{9A19103F-16F7-4668-BE54-9A1E7A4F7556}") = "Ch08.Autho", "Src\Ch08\Autho\Ch08.Autho.csproj", "{995D0C27-33C6-413B-9472-0B324E340ED4}"
EndProject
Project("{9A19103F-16F7-4668-BE54-9A1E7A4F7556}") = "Ch08.Authorz", "Src\Ch08\Authorz\Ch08.Authorz.csproj", "{2F29DD18-9774-4E69-B630-F331441100F0}"
EndProject
Project("{2150E333-8FDC-42A3-9474-1A3956D46DE8}") = "Ch09", "Ch09", "{1300BE19-CC63-4C11-A1CA-7676909510BA}"
EndProject
Project("{9A19103F-16F7-4668-BE54-9A1E7A4F7556}") = "Ch09.AdoNet", "Src\Ch09\AdoNet\Ch09.AdoNet.csproj", "{FB00B9E1-F208-4800-B3D9-182EBB7C5FF2}"
EndProject
Project("{9A19103F-16F7-4668-BE54-9A1E7A4F7556}") = "Ch09.EfCore", "Src\Ch09\EfCore\Ch09.EfCore.csproj", "{9411BAD1-9BC1-4264-A343-69DD4261830B}"
EndProject
Project("{2150E333-8FDC-42A3-9474-1A3956D46DE8}") = "Ch10", "Ch10", "{3B942A7D-3A10-464F-9A2B-4C09D2BD2C52}"
EndProject
Project("{9A19103F-16F7-4668-BE54-9A1E7A4F7556}") = "Ch10.SampleApi", "Src\Ch10\SampleAPI\Ch10.SampleApi.csproj", "{76822FE2-D38B-4615-B7F3-CBADACBB6134}"
EndProject
Project("{9A19103F-16F7-4668-BE54-9A1E7A4F7556}") = "Ch10.MyIdentityServer", "Src\Ch10\MyIdentityServer\Ch10.MyIdentityServer.csproj", "{390B38EF-0A8E-43FC-8D20-9E9C7584704C}"
EndProject
Project("{9A19103F-16F7-4668-BE54-9A1E7A4F7556}") = "Ch10.MySecuredAPI", "Src\Ch10\MySecuredAPI\Ch10.MySecuredAPI.csproj", "{2BB9CEE9-E3BE-41E5-9D10-71162DA3CCDF}"
EndProject
Project("{9A19103F-16F7-4668-BE54-9A1E7A4F7556}") = "Ch10.MyClientApp", "Src\Ch10\MyClientApp\Ch10.MyClientApp.csproj", "{15BF9917-3367-424C-93AB-9C7F58D60BFE}"
EndProject
Project("{2150E333-8FDC-42A3-9474-1A3956D46DE8}") = "Ch11", "Ch11", "{6AE55579-CC41-4BDC-B80A-7725C8A2F093}"
EndProject
Project("{9A19103F-16F7-4668-BE54-9A1E7A4F7556}") = "Ch11.SimpleForms", "Src\Ch11\SimpleForms\Ch11.SimpleForms.csproj", "{86B48D66-7B87-42D2-87A4-EC6A26F6136B}"
EndProject
Project("{9A19103F-16F7-4668-BE54-9A1E7A4F7556}") = "Ch11.LargeForms", "Src\Ch11\LargeForms\Ch11.LargeForms.csproj", "{433C5D82-83CC-43F4-BB00-47CCA35EE1D8}"
EndProject
Project("{2150E333-8FDC-42A3-9474-1A3956D46DE8}") = "Ch12", "Ch12", "{3865BB4F-AD40-4970-9375-01A9EAFFED04}"
EndProject
Project("{9A19103F-16F7-4668-BE54-9A1E7A4F7556}") = "Ch12.PartialRendering", "Src\Ch12\PartialRendering\Ch12.PartialRendering.csproj", "{B059187B-75A6-4C50-93AE-0D5C6B08B166}"
EndProject
Project("{9A19103F-16F7-4668-BE54-9A1E7A4F7556}") = "Ch12.DataBinding", "Src\Ch12\DataBinding\Ch12.DataBinding.csproj", "{A51DC720-CDE1-4E45-8E24-073C1D458349}"
EndProject
Project("{2150E333-8FDC-42A3-9474-1A3956D46DE8}") = "Ch13", "Ch13", "{334ADDCD-DC6F-4071-80B8-52C7C511181D}"
EndProject
Project("{9A19103F-16F7-4668-BE54-9A1E7A4F7556}") = "Ch13.DeviceFriendly", "Src\Ch13\DeviceFriendly\Ch13.DeviceFriendly.csproj", "{7F189308-C213-4C4B-90BF-CE6EB898FEC3}"
EndProject
Project("{9A19103F-16F7-4668-BE54-9A1E7A4F7556}") = "Ch13.RoutingViews", "Src\Ch13\RoutingViews\Ch13.RoutingViews.csproj", "{4891FAB6-32CD-431E-80CF-3EEBFD6BD340}"
EndProject
Project("{2150E333-8FDC-42A3-9474-1A3956D46DE8}") = "Ch14", "Ch14", "{120D884B-EF54-42BD-B516-2303850D8E22}"
EndProject
Project("{9A19103F-16F7-4668-BE54-9A1E7A4F7556}") = "Ch14.StartHost", "Src\Ch14\StartHost\Ch14.StartHost.csproj", "{EB2CD49B-D0C8-4097-9C4E-F0B75C54A8F2}"
EndProject
Project("{9A19103F-16F7-4668-BE54-9A1E7A4F7556}") = "Ch14.Builder", "Src\Ch14\Builder\Ch14.Builder.csproj", "{8E9CEB19-5956-4B2E-A3D5-B7A55E625830}"
EndProject
Project("{9A19103F-16F7-4668-BE54-9A1E7A4F7556}") = "Ch14.Middleware", "Src\Ch14\Middleware\Ch14.Middleware.csproj", "{050555CA-5332-47AD-A8DC-81E3689BBF14}"
EndProject
Project("{2150E333-8FDC-42A3-9474-1A3956D46DE8}") = "Ch15", "Ch15", "{E4C42979-FA46-4438-802C-8085DDD05BA9}"
EndProject
Project("{9A19103F-16F7-4668-BE54-9A1E7A4F7556}") = "Ch15.SimplePage", "Src\Ch15\SimplePage\Ch15.SimplePage.csproj", "{F804B777-7509-410E-918E-6528E7068085}"
EndProject
Project("{9A19103F-16F7-4668-BE54-9A1E7A4F7556}") = "Ch15.SimplePageScm", "Src\Ch15\SimplePageScm\Ch15.SimplePageScm.csproj", "{622A8860-AC6C-413B-A439-5142075AFEC1}"
EndProject
Project("{9A19103F-16F7-4668-BE54-9A1E7A4F7556}") = "Ch14.Response", "Src\Ch14\Response\Ch14.Response.csproj", "{E16171BA-9266-41BB-BFED-E529CDD7F211}"
EndProject
Project("{2150E333-8FDC-42A3-9474-1A3956D46DE8}") = "Extras", "Extras", "{0DC6C867-FBE1-46D1-AF81-CD53EE46AA5E}"
EndProject
Project("{FAE04EC0-301F-11D3-BF4B-00C04F79EFBC}") = "SignalR1", "Src\Extras\SignalR1\SignalR1.csproj", "{869C5A12-1046-4394-9830-5358C0F8B6AF}"
EndProject
Global
	GlobalSection(SolutionConfigurationPlatforms) = preSolution
		Debug|Any CPU = Debug|Any CPU
		Release|Any CPU = Release|Any CPU
	EndGlobalSection
	GlobalSection(ProjectConfigurationPlatforms) = postSolution
		{FEF3B0E3-492F-4FFF-9824-FF077E6CA725}.Debug|Any CPU.ActiveCfg = Debug|Any CPU
		{FEF3B0E3-492F-4FFF-9824-FF077E6CA725}.Debug|Any CPU.Build.0 = Debug|Any CPU
		{FEF3B0E3-492F-4FFF-9824-FF077E6CA725}.Release|Any CPU.ActiveCfg = Release|Any CPU
		{FEF3B0E3-492F-4FFF-9824-FF077E6CA725}.Release|Any CPU.Build.0 = Release|Any CPU
		{B537ACE5-478A-4A6C-8FED-8323EC8EBBA4}.Debug|Any CPU.ActiveCfg = Debug|Any CPU
		{B537ACE5-478A-4A6C-8FED-8323EC8EBBA4}.Debug|Any CPU.Build.0 = Debug|Any CPU
		{B537ACE5-478A-4A6C-8FED-8323EC8EBBA4}.Release|Any CPU.ActiveCfg = Release|Any CPU
		{B537ACE5-478A-4A6C-8FED-8323EC8EBBA4}.Release|Any CPU.Build.0 = Release|Any CPU
		{C96B9DFD-5669-4B8D-8471-415A8D1471A1}.Debug|Any CPU.ActiveCfg = Debug|Any CPU
		{C96B9DFD-5669-4B8D-8471-415A8D1471A1}.Debug|Any CPU.Build.0 = Debug|Any CPU
		{C96B9DFD-5669-4B8D-8471-415A8D1471A1}.Release|Any CPU.ActiveCfg = Release|Any CPU
		{C96B9DFD-5669-4B8D-8471-415A8D1471A1}.Release|Any CPU.Build.0 = Release|Any CPU
		{6C62050F-5222-47D2-AFCB-1AD922EFDF94}.Debug|Any CPU.ActiveCfg = Debug|Any CPU
		{6C62050F-5222-47D2-AFCB-1AD922EFDF94}.Debug|Any CPU.Build.0 = Debug|Any CPU
		{6C62050F-5222-47D2-AFCB-1AD922EFDF94}.Release|Any CPU.ActiveCfg = Release|Any CPU
		{6C62050F-5222-47D2-AFCB-1AD922EFDF94}.Release|Any CPU.Build.0 = Release|Any CPU
		{686BAB77-31D9-476E-AC5B-8D740B6FB169}.Debug|Any CPU.ActiveCfg = Debug|Any CPU
		{686BAB77-31D9-476E-AC5B-8D740B6FB169}.Debug|Any CPU.Build.0 = Debug|Any CPU
		{686BAB77-31D9-476E-AC5B-8D740B6FB169}.Release|Any CPU.ActiveCfg = Release|Any CPU
		{686BAB77-31D9-476E-AC5B-8D740B6FB169}.Release|Any CPU.Build.0 = Release|Any CPU
		{6C4E1B88-F92A-44CB-B087-46211F6DAE5C}.Debug|Any CPU.ActiveCfg = Debug|Any CPU
		{6C4E1B88-F92A-44CB-B087-46211F6DAE5C}.Debug|Any CPU.Build.0 = Debug|Any CPU
		{6C4E1B88-F92A-44CB-B087-46211F6DAE5C}.Release|Any CPU.ActiveCfg = Release|Any CPU
		{6C4E1B88-F92A-44CB-B087-46211F6DAE5C}.Release|Any CPU.Build.0 = Release|Any CPU
		{F3A8555E-171B-400D-92CF-C995A5AAAC0A}.Debug|Any CPU.ActiveCfg = Debug|Any CPU
		{F3A8555E-171B-400D-92CF-C995A5AAAC0A}.Debug|Any CPU.Build.0 = Debug|Any CPU
		{F3A8555E-171B-400D-92CF-C995A5AAAC0A}.Release|Any CPU.ActiveCfg = Release|Any CPU
		{F3A8555E-171B-400D-92CF-C995A5AAAC0A}.Release|Any CPU.Build.0 = Release|Any CPU
		{C61BCC2F-97C6-47A5-88B7-BD2CDFB9CCFF}.Debug|Any CPU.ActiveCfg = Debug|Any CPU
		{C61BCC2F-97C6-47A5-88B7-BD2CDFB9CCFF}.Debug|Any CPU.Build.0 = Debug|Any CPU
		{C61BCC2F-97C6-47A5-88B7-BD2CDFB9CCFF}.Release|Any CPU.ActiveCfg = Release|Any CPU
		{C61BCC2F-97C6-47A5-88B7-BD2CDFB9CCFF}.Release|Any CPU.Build.0 = Release|Any CPU
		{CA7AAA42-D6BC-4ADD-A0E1-B6A6B9E2CCFF}.Debug|Any CPU.ActiveCfg = Debug|Any CPU
		{CA7AAA42-D6BC-4ADD-A0E1-B6A6B9E2CCFF}.Debug|Any CPU.Build.0 = Debug|Any CPU
		{CA7AAA42-D6BC-4ADD-A0E1-B6A6B9E2CCFF}.Release|Any CPU.ActiveCfg = Release|Any CPU
		{CA7AAA42-D6BC-4ADD-A0E1-B6A6B9E2CCFF}.Release|Any CPU.Build.0 = Release|Any CPU
		{B10CC292-B0FE-4911-B554-68994C064911}.Debug|Any CPU.ActiveCfg = Debug|Any CPU
		{B10CC292-B0FE-4911-B554-68994C064911}.Debug|Any CPU.Build.0 = Debug|Any CPU
		{B10CC292-B0FE-4911-B554-68994C064911}.Release|Any CPU.ActiveCfg = Release|Any CPU
		{B10CC292-B0FE-4911-B554-68994C064911}.Release|Any CPU.Build.0 = Release|Any CPU
		{2C2AC363-5A7B-40B8-A22B-C2675F3108C7}.Debug|Any CPU.ActiveCfg = Debug|Any CPU
		{2C2AC363-5A7B-40B8-A22B-C2675F3108C7}.Debug|Any CPU.Build.0 = Debug|Any CPU
		{2C2AC363-5A7B-40B8-A22B-C2675F3108C7}.Release|Any CPU.ActiveCfg = Release|Any CPU
		{2C2AC363-5A7B-40B8-A22B-C2675F3108C7}.Release|Any CPU.Build.0 = Release|Any CPU
		{B372E795-A04D-4866-84CD-CC01E7D4984A}.Debug|Any CPU.ActiveCfg = Debug|Any CPU
		{B372E795-A04D-4866-84CD-CC01E7D4984A}.Debug|Any CPU.Build.0 = Debug|Any CPU
		{B372E795-A04D-4866-84CD-CC01E7D4984A}.Release|Any CPU.ActiveCfg = Release|Any CPU
		{B372E795-A04D-4866-84CD-CC01E7D4984A}.Release|Any CPU.Build.0 = Release|Any CPU
		{27A7B995-75F5-4F21-BF2E-AD029A9B9F32}.Debug|Any CPU.ActiveCfg = Debug|Any CPU
		{27A7B995-75F5-4F21-BF2E-AD029A9B9F32}.Debug|Any CPU.Build.0 = Debug|Any CPU
		{27A7B995-75F5-4F21-BF2E-AD029A9B9F32}.Release|Any CPU.ActiveCfg = Release|Any CPU
		{27A7B995-75F5-4F21-BF2E-AD029A9B9F32}.Release|Any CPU.Build.0 = Release|Any CPU
		{C20516FF-B1FC-41D9-AEEF-AAC01D7159D2}.Debug|Any CPU.ActiveCfg = Debug|Any CPU
		{C20516FF-B1FC-41D9-AEEF-AAC01D7159D2}.Debug|Any CPU.Build.0 = Debug|Any CPU
		{C20516FF-B1FC-41D9-AEEF-AAC01D7159D2}.Release|Any CPU.ActiveCfg = Release|Any CPU
		{C20516FF-B1FC-41D9-AEEF-AAC01D7159D2}.Release|Any CPU.Build.0 = Release|Any CPU
		{18588CED-E3D2-49ED-9DC8-B7FB9DA7FF65}.Debug|Any CPU.ActiveCfg = Debug|Any CPU
		{18588CED-E3D2-49ED-9DC8-B7FB9DA7FF65}.Debug|Any CPU.Build.0 = Debug|Any CPU
		{18588CED-E3D2-49ED-9DC8-B7FB9DA7FF65}.Release|Any CPU.ActiveCfg = Release|Any CPU
		{18588CED-E3D2-49ED-9DC8-B7FB9DA7FF65}.Release|Any CPU.Build.0 = Release|Any CPU
		{EC9C5FB1-7A5D-4FB9-8572-AD5FD57F80EA}.Debug|Any CPU.ActiveCfg = Debug|Any CPU
		{EC9C5FB1-7A5D-4FB9-8572-AD5FD57F80EA}.Debug|Any CPU.Build.0 = Debug|Any CPU
		{EC9C5FB1-7A5D-4FB9-8572-AD5FD57F80EA}.Release|Any CPU.ActiveCfg = Release|Any CPU
		{EC9C5FB1-7A5D-4FB9-8572-AD5FD57F80EA}.Release|Any CPU.Build.0 = Release|Any CPU
		{C68E64B7-4A69-4CCA-83EA-C4386247C02B}.Debug|Any CPU.ActiveCfg = Debug|Any CPU
		{C68E64B7-4A69-4CCA-83EA-C4386247C02B}.Debug|Any CPU.Build.0 = Debug|Any CPU
		{C68E64B7-4A69-4CCA-83EA-C4386247C02B}.Release|Any CPU.ActiveCfg = Release|Any CPU
		{C68E64B7-4A69-4CCA-83EA-C4386247C02B}.Release|Any CPU.Build.0 = Release|Any CPU
		{1733D5EC-4F4A-4925-A5F0-384C8A529008}.Debug|Any CPU.ActiveCfg = Debug|Any CPU
		{1733D5EC-4F4A-4925-A5F0-384C8A529008}.Debug|Any CPU.Build.0 = Debug|Any CPU
		{1733D5EC-4F4A-4925-A5F0-384C8A529008}.Release|Any CPU.ActiveCfg = Release|Any CPU
		{1733D5EC-4F4A-4925-A5F0-384C8A529008}.Release|Any CPU.Build.0 = Release|Any CPU
		{995D0C27-33C6-413B-9472-0B324E340ED4}.Debug|Any CPU.ActiveCfg = Debug|Any CPU
		{995D0C27-33C6-413B-9472-0B324E340ED4}.Debug|Any CPU.Build.0 = Debug|Any CPU
		{995D0C27-33C6-413B-9472-0B324E340ED4}.Release|Any CPU.ActiveCfg = Release|Any CPU
		{995D0C27-33C6-413B-9472-0B324E340ED4}.Release|Any CPU.Build.0 = Release|Any CPU
		{2F29DD18-9774-4E69-B630-F331441100F0}.Debug|Any CPU.ActiveCfg = Debug|Any CPU
		{2F29DD18-9774-4E69-B630-F331441100F0}.Debug|Any CPU.Build.0 = Debug|Any CPU
		{2F29DD18-9774-4E69-B630-F331441100F0}.Release|Any CPU.ActiveCfg = Release|Any CPU
		{2F29DD18-9774-4E69-B630-F331441100F0}.Release|Any CPU.Build.0 = Release|Any CPU
		{FB00B9E1-F208-4800-B3D9-182EBB7C5FF2}.Debug|Any CPU.ActiveCfg = Debug|Any CPU
		{FB00B9E1-F208-4800-B3D9-182EBB7C5FF2}.Debug|Any CPU.Build.0 = Debug|Any CPU
		{FB00B9E1-F208-4800-B3D9-182EBB7C5FF2}.Release|Any CPU.ActiveCfg = Release|Any CPU
		{FB00B9E1-F208-4800-B3D9-182EBB7C5FF2}.Release|Any CPU.Build.0 = Release|Any CPU
		{9411BAD1-9BC1-4264-A343-69DD4261830B}.Debug|Any CPU.ActiveCfg = Debug|Any CPU
		{9411BAD1-9BC1-4264-A343-69DD4261830B}.Debug|Any CPU.Build.0 = Debug|Any CPU
		{9411BAD1-9BC1-4264-A343-69DD4261830B}.Release|Any CPU.ActiveCfg = Release|Any CPU
		{9411BAD1-9BC1-4264-A343-69DD4261830B}.Release|Any CPU.Build.0 = Release|Any CPU
		{76822FE2-D38B-4615-B7F3-CBADACBB6134}.Debug|Any CPU.ActiveCfg = Debug|Any CPU
		{76822FE2-D38B-4615-B7F3-CBADACBB6134}.Debug|Any CPU.Build.0 = Debug|Any CPU
		{76822FE2-D38B-4615-B7F3-CBADACBB6134}.Release|Any CPU.ActiveCfg = Release|Any CPU
		{76822FE2-D38B-4615-B7F3-CBADACBB6134}.Release|Any CPU.Build.0 = Release|Any CPU
		{390B38EF-0A8E-43FC-8D20-9E9C7584704C}.Debug|Any CPU.ActiveCfg = Debug|Any CPU
		{390B38EF-0A8E-43FC-8D20-9E9C7584704C}.Debug|Any CPU.Build.0 = Debug|Any CPU
		{390B38EF-0A8E-43FC-8D20-9E9C7584704C}.Release|Any CPU.ActiveCfg = Release|Any CPU
		{390B38EF-0A8E-43FC-8D20-9E9C7584704C}.Release|Any CPU.Build.0 = Release|Any CPU
		{2BB9CEE9-E3BE-41E5-9D10-71162DA3CCDF}.Debug|Any CPU.ActiveCfg = Debug|Any CPU
		{2BB9CEE9-E3BE-41E5-9D10-71162DA3CCDF}.Debug|Any CPU.Build.0 = Debug|Any CPU
		{2BB9CEE9-E3BE-41E5-9D10-71162DA3CCDF}.Release|Any CPU.ActiveCfg = Release|Any CPU
		{2BB9CEE9-E3BE-41E5-9D10-71162DA3CCDF}.Release|Any CPU.Build.0 = Release|Any CPU
		{15BF9917-3367-424C-93AB-9C7F58D60BFE}.Debug|Any CPU.ActiveCfg = Debug|Any CPU
		{15BF9917-3367-424C-93AB-9C7F58D60BFE}.Debug|Any CPU.Build.0 = Debug|Any CPU
		{15BF9917-3367-424C-93AB-9C7F58D60BFE}.Release|Any CPU.ActiveCfg = Release|Any CPU
		{15BF9917-3367-424C-93AB-9C7F58D60BFE}.Release|Any CPU.Build.0 = Release|Any CPU
		{86B48D66-7B87-42D2-87A4-EC6A26F6136B}.Debug|Any CPU.ActiveCfg = Debug|Any CPU
		{86B48D66-7B87-42D2-87A4-EC6A26F6136B}.Debug|Any CPU.Build.0 = Debug|Any CPU
		{86B48D66-7B87-42D2-87A4-EC6A26F6136B}.Release|Any CPU.ActiveCfg = Release|Any CPU
		{86B48D66-7B87-42D2-87A4-EC6A26F6136B}.Release|Any CPU.Build.0 = Release|Any CPU
		{433C5D82-83CC-43F4-BB00-47CCA35EE1D8}.Debug|Any CPU.ActiveCfg = Debug|Any CPU
		{433C5D82-83CC-43F4-BB00-47CCA35EE1D8}.Debug|Any CPU.Build.0 = Debug|Any CPU
		{433C5D82-83CC-43F4-BB00-47CCA35EE1D8}.Release|Any CPU.ActiveCfg = Release|Any CPU
		{433C5D82-83CC-43F4-BB00-47CCA35EE1D8}.Release|Any CPU.Build.0 = Release|Any CPU
		{B059187B-75A6-4C50-93AE-0D5C6B08B166}.Debug|Any CPU.ActiveCfg = Debug|Any CPU
		{B059187B-75A6-4C50-93AE-0D5C6B08B166}.Debug|Any CPU.Build.0 = Debug|Any CPU
		{B059187B-75A6-4C50-93AE-0D5C6B08B166}.Release|Any CPU.ActiveCfg = Release|Any CPU
		{B059187B-75A6-4C50-93AE-0D5C6B08B166}.Release|Any CPU.Build.0 = Release|Any CPU
		{A51DC720-CDE1-4E45-8E24-073C1D458349}.Debug|Any CPU.ActiveCfg = Debug|Any CPU
		{A51DC720-CDE1-4E45-8E24-073C1D458349}.Debug|Any CPU.Build.0 = Debug|Any CPU
		{A51DC720-CDE1-4E45-8E24-073C1D458349}.Release|Any CPU.ActiveCfg = Release|Any CPU
		{A51DC720-CDE1-4E45-8E24-073C1D458349}.Release|Any CPU.Build.0 = Release|Any CPU
		{7F189308-C213-4C4B-90BF-CE6EB898FEC3}.Debug|Any CPU.ActiveCfg = Debug|Any CPU
		{7F189308-C213-4C4B-90BF-CE6EB898FEC3}.Debug|Any CPU.Build.0 = Debug|Any CPU
		{7F189308-C213-4C4B-90BF-CE6EB898FEC3}.Release|Any CPU.ActiveCfg = Release|Any CPU
		{7F189308-C213-4C4B-90BF-CE6EB898FEC3}.Release|Any CPU.Build.0 = Release|Any CPU
		{4891FAB6-32CD-431E-80CF-3EEBFD6BD340}.Debug|Any CPU.ActiveCfg = Debug|Any CPU
		{4891FAB6-32CD-431E-80CF-3EEBFD6BD340}.Debug|Any CPU.Build.0 = Debug|Any CPU
		{4891FAB6-32CD-431E-80CF-3EEBFD6BD340}.Release|Any CPU.ActiveCfg = Release|Any CPU
		{4891FAB6-32CD-431E-80CF-3EEBFD6BD340}.Release|Any CPU.Build.0 = Release|Any CPU
		{EB2CD49B-D0C8-4097-9C4E-F0B75C54A8F2}.Debug|Any CPU.ActiveCfg = Debug|Any CPU
		{EB2CD49B-D0C8-4097-9C4E-F0B75C54A8F2}.Debug|Any CPU.Build.0 = Debug|Any CPU
		{EB2CD49B-D0C8-4097-9C4E-F0B75C54A8F2}.Release|Any CPU.ActiveCfg = Release|Any CPU
		{EB2CD49B-D0C8-4097-9C4E-F0B75C54A8F2}.Release|Any CPU.Build.0 = Release|Any CPU
		{8E9CEB19-5956-4B2E-A3D5-B7A55E625830}.Debug|Any CPU.ActiveCfg = Debug|Any CPU
		{8E9CEB19-5956-4B2E-A3D5-B7A55E625830}.Debug|Any CPU.Build.0 = Debug|Any CPU
		{8E9CEB19-5956-4B2E-A3D5-B7A55E625830}.Release|Any CPU.ActiveCfg = Release|Any CPU
		{8E9CEB19-5956-4B2E-A3D5-B7A55E625830}.Release|Any CPU.Build.0 = Release|Any CPU
		{050555CA-5332-47AD-A8DC-81E3689BBF14}.Debug|Any CPU.ActiveCfg = Debug|Any CPU
		{050555CA-5332-47AD-A8DC-81E3689BBF14}.Debug|Any CPU.Build.0 = Debug|Any CPU
		{050555CA-5332-47AD-A8DC-81E3689BBF14}.Release|Any CPU.ActiveCfg = Release|Any CPU
		{050555CA-5332-47AD-A8DC-81E3689BBF14}.Release|Any CPU.Build.0 = Release|Any CPU
		{F804B777-7509-410E-918E-6528E7068085}.Debug|Any CPU.ActiveCfg = Debug|Any CPU
		{F804B777-7509-410E-918E-6528E7068085}.Debug|Any CPU.Build.0 = Debug|Any CPU
		{F804B777-7509-410E-918E-6528E7068085}.Release|Any CPU.ActiveCfg = Release|Any CPU
		{F804B777-7509-410E-918E-6528E7068085}.Release|Any CPU.Build.0 = Release|Any CPU
		{622A8860-AC6C-413B-A439-5142075AFEC1}.Debug|Any CPU.ActiveCfg = Debug|Any CPU
		{622A8860-AC6C-413B-A439-5142075AFEC1}.Debug|Any CPU.Build.0 = Debug|Any CPU
		{622A8860-AC6C-413B-A439-5142075AFEC1}.Release|Any CPU.ActiveCfg = Release|Any CPU
		{622A8860-AC6C-413B-A439-5142075AFEC1}.Release|Any CPU.Build.0 = Release|Any CPU
		{E16171BA-9266-41BB-BFED-E529CDD7F211}.Debug|Any CPU.ActiveCfg = Debug|Any CPU
		{E16171BA-9266-41BB-BFED-E529CDD7F211}.Debug|Any CPU.Build.0 = Debug|Any CPU
		{E16171BA-9266-41BB-BFED-E529CDD7F211}.Release|Any CPU.ActiveCfg = Release|Any CPU
		{E16171BA-9266-41BB-BFED-E529CDD7F211}.Release|Any CPU.Build.0 = Release|Any CPU
		{869C5A12-1046-4394-9830-5358C0F8B6AF}.Debug|Any CPU.ActiveCfg = Debug|Any CPU
		{869C5A12-1046-4394-9830-5358C0F8B6AF}.Debug|Any CPU.Build.0 = Debug|Any CPU
		{869C5A12-1046-4394-9830-5358C0F8B6AF}.Release|Any CPU.ActiveCfg = Release|Any CPU
		{869C5A12-1046-4394-9830-5358C0F8B6AF}.Release|Any CPU.Build.0 = Release|Any CPU
	EndGlobalSection
	GlobalSection(SolutionProperties) = preSolution
		HideSolutionNode = FALSE
	EndGlobalSection
	GlobalSection(NestedProjects) = preSolution
		{498367C8-2BC1-4C34-8950-CD43525C2186} = {DD860377-8AD1-438D-863C-44B6A477DC3B}
		{BD9FA2CC-467F-4C8E-8718-5265F4C77EFF} = {DD860377-8AD1-438D-863C-44B6A477DC3B}
		{86E15B8E-0B0C-4146-8380-3E7E909D6380} = {DD860377-8AD1-438D-863C-44B6A477DC3B}
		{FEF3B0E3-492F-4FFF-9824-FF077E6CA725} = {BD9FA2CC-467F-4C8E-8718-5265F4C77EFF}
		{B537ACE5-478A-4A6C-8FED-8323EC8EBBA4} = {498367C8-2BC1-4C34-8950-CD43525C2186}
		{C96B9DFD-5669-4B8D-8471-415A8D1471A1} = {498367C8-2BC1-4C34-8950-CD43525C2186}
		{6C62050F-5222-47D2-AFCB-1AD922EFDF94} = {498367C8-2BC1-4C34-8950-CD43525C2186}
		{686BAB77-31D9-476E-AC5B-8D740B6FB169} = {498367C8-2BC1-4C34-8950-CD43525C2186}
		{6C4E1B88-F92A-44CB-B087-46211F6DAE5C} = {86E15B8E-0B0C-4146-8380-3E7E909D6380}
		{F3A8555E-171B-400D-92CF-C995A5AAAC0A} = {BD9FA2CC-467F-4C8E-8718-5265F4C77EFF}
		{647438E8-C7A0-4547-9885-AB94C807A62B} = {DD860377-8AD1-438D-863C-44B6A477DC3B}
		{C61BCC2F-97C6-47A5-88B7-BD2CDFB9CCFF} = {86E15B8E-0B0C-4146-8380-3E7E909D6380}
		{CA7AAA42-D6BC-4ADD-A0E1-B6A6B9E2CCFF} = {647438E8-C7A0-4547-9885-AB94C807A62B}
		{B10CC292-B0FE-4911-B554-68994C064911} = {647438E8-C7A0-4547-9885-AB94C807A62B}
		{2C2AC363-5A7B-40B8-A22B-C2675F3108C7} = {647438E8-C7A0-4547-9885-AB94C807A62B}
		{49C071E8-C72E-43DE-BD80-1C41D1133ADE} = {DD860377-8AD1-438D-863C-44B6A477DC3B}
		{B372E795-A04D-4866-84CD-CC01E7D4984A} = {49C071E8-C72E-43DE-BD80-1C41D1133ADE}
		{27A7B995-75F5-4F21-BF2E-AD029A9B9F32} = {49C071E8-C72E-43DE-BD80-1C41D1133ADE}
		{E98FD655-EACE-40CF-B30E-2CF32D6C6A82} = {DD860377-8AD1-438D-863C-44B6A477DC3B}
		{21F83F02-40F3-4229-97E0-BB312A5E0F00} = {DD860377-8AD1-438D-863C-44B6A477DC3B}
		{D485213E-E8D8-41F1-8C08-A3E5DD902195} = {DD860377-8AD1-438D-863C-44B6A477DC3B}
		{C20516FF-B1FC-41D9-AEEF-AAC01D7159D2} = {E98FD655-EACE-40CF-B30E-2CF32D6C6A82}
		{18588CED-E3D2-49ED-9DC8-B7FB9DA7FF65} = {E98FD655-EACE-40CF-B30E-2CF32D6C6A82}
		{EC9C5FB1-7A5D-4FB9-8572-AD5FD57F80EA} = {21F83F02-40F3-4229-97E0-BB312A5E0F00}
		{C68E64B7-4A69-4CCA-83EA-C4386247C02B} = {21F83F02-40F3-4229-97E0-BB312A5E0F00}
		{1733D5EC-4F4A-4925-A5F0-384C8A529008} = {21F83F02-40F3-4229-97E0-BB312A5E0F00}
		{995D0C27-33C6-413B-9472-0B324E340ED4} = {D485213E-E8D8-41F1-8C08-A3E5DD902195}
		{2F29DD18-9774-4E69-B630-F331441100F0} = {D485213E-E8D8-41F1-8C08-A3E5DD902195}
		{1300BE19-CC63-4C11-A1CA-7676909510BA} = {DD860377-8AD1-438D-863C-44B6A477DC3B}
		{FB00B9E1-F208-4800-B3D9-182EBB7C5FF2} = {1300BE19-CC63-4C11-A1CA-7676909510BA}
		{9411BAD1-9BC1-4264-A343-69DD4261830B} = {1300BE19-CC63-4C11-A1CA-7676909510BA}
		{3B942A7D-3A10-464F-9A2B-4C09D2BD2C52} = {DD860377-8AD1-438D-863C-44B6A477DC3B}
		{76822FE2-D38B-4615-B7F3-CBADACBB6134} = {3B942A7D-3A10-464F-9A2B-4C09D2BD2C52}
		{390B38EF-0A8E-43FC-8D20-9E9C7584704C} = {3B942A7D-3A10-464F-9A2B-4C09D2BD2C52}
		{2BB9CEE9-E3BE-41E5-9D10-71162DA3CCDF} = {3B942A7D-3A10-464F-9A2B-4C09D2BD2C52}
		{15BF9917-3367-424C-93AB-9C7F58D60BFE} = {3B942A7D-3A10-464F-9A2B-4C09D2BD2C52}
		{6AE55579-CC41-4BDC-B80A-7725C8A2F093} = {DD860377-8AD1-438D-863C-44B6A477DC3B}
		{86B48D66-7B87-42D2-87A4-EC6A26F6136B} = {6AE55579-CC41-4BDC-B80A-7725C8A2F093}
		{433C5D82-83CC-43F4-BB00-47CCA35EE1D8} = {6AE55579-CC41-4BDC-B80A-7725C8A2F093}
		{3865BB4F-AD40-4970-9375-01A9EAFFED04} = {DD860377-8AD1-438D-863C-44B6A477DC3B}
		{B059187B-75A6-4C50-93AE-0D5C6B08B166} = {3865BB4F-AD40-4970-9375-01A9EAFFED04}
		{A51DC720-CDE1-4E45-8E24-073C1D458349} = {3865BB4F-AD40-4970-9375-01A9EAFFED04}
		{334ADDCD-DC6F-4071-80B8-52C7C511181D} = {DD860377-8AD1-438D-863C-44B6A477DC3B}
		{7F189308-C213-4C4B-90BF-CE6EB898FEC3} = {334ADDCD-DC6F-4071-80B8-52C7C511181D}
		{4891FAB6-32CD-431E-80CF-3EEBFD6BD340} = {334ADDCD-DC6F-4071-80B8-52C7C511181D}
		{120D884B-EF54-42BD-B516-2303850D8E22} = {DD860377-8AD1-438D-863C-44B6A477DC3B}
		{EB2CD49B-D0C8-4097-9C4E-F0B75C54A8F2} = {120D884B-EF54-42BD-B516-2303850D8E22}
		{8E9CEB19-5956-4B2E-A3D5-B7A55E625830} = {120D884B-EF54-42BD-B516-2303850D8E22}
		{050555CA-5332-47AD-A8DC-81E3689BBF14} = {120D884B-EF54-42BD-B516-2303850D8E22}
		{E4C42979-FA46-4438-802C-8085DDD05BA9} = {DD860377-8AD1-438D-863C-44B6A477DC3B}
		{F804B777-7509-410E-918E-6528E7068085} = {E4C42979-FA46-4438-802C-8085DDD05BA9}
		{622A8860-AC6C-413B-A439-5142075AFEC1} = {E4C42979-FA46-4438-802C-8085DDD05BA9}
		{E16171BA-9266-41BB-BFED-E529CDD7F211} = {120D884B-EF54-42BD-B516-2303850D8E22}
		{0DC6C867-FBE1-46D1-AF81-CD53EE46AA5E} = {DD860377-8AD1-438D-863C-44B6A477DC3B}
		{869C5A12-1046-4394-9830-5358C0F8B6AF} = {0DC6C867-FBE1-46D1-AF81-CD53EE46AA5E}
	EndGlobalSection
	GlobalSection(ExtensibilityGlobals) = postSolution
		SolutionGuid = {ADF18ACD-8C06-4FFC-883F-3D88B4E54FD5}
	EndGlobalSection
EndGlobal
