
Microsoft Visual Studio Solution File, Format Version 12.00
# Visual Studio 15
VisualStudioVersion = 15.0.27703.2042
MinimumVisualStudioVersion = 10.0.40219.1
Project("{FAE04EC0-301F-11D3-BF4B-00C04F79EFBC}") = "TypeAhead.Server", "TypeAhead.Server\TypeAhead.Server.csproj", "{9AF25B63-EE19-4D96-831D-95237D5EDE34}"
EndProject
Project("{FAE04EC0-301F-11D3-BF4B-00C04F79EFBC}") = "TypeAhead.Client", "TypeAhead.Client\TypeAhead.Client.csproj", "{E7FDC75D-C27B-4914-ADED-B6F0AB9A0109}"
EndProject
Project("{FAE04EC0-301F-11D3-BF4B-00C04F79EFBC}") = "TypeAhead.Shared", "TypeAhead.Shared\TypeAhead.Shared.csproj", "{F71CDDD3-CF4A-4D82-9AF2-B14F811C5182}"
EndProject
Global
	GlobalSection(SolutionConfigurationPlatforms) = preSolution
		Debug|Any CPU = Debug|Any CPU
		Release|Any CPU = Release|Any CPU
	EndGlobalSection
	GlobalSection(ProjectConfigurationPlatforms) = postSolution
		{9AF25B63-EE19-4D96-831D-95237D5EDE34}.Debug|Any CPU.ActiveCfg = Debug|Any CPU
		{9AF25B63-EE19-4D96-831D-95237D5EDE34}.Debug|Any CPU.Build.0 = Debug|Any CPU
		{9AF25B63-EE19-4D96-831D-95237D5EDE34}.Release|Any CPU.ActiveCfg = Release|Any CPU
		{9AF25B63-EE19-4D96-831D-95237D5EDE34}.Release|Any CPU.Build.0 = Release|Any CPU
		{E7FDC75D-C27B-4914-ADED-B6F0AB9A0109}.Debug|Any CPU.ActiveCfg = Debug|Any CPU
		{E7FDC75D-C27B-4914-ADED-B6F0AB9A0109}.Debug|Any CPU.Build.0 = Debug|Any CPU
		{E7FDC75D-C27B-4914-ADED-B6F0AB9A0109}.Release|Any CPU.ActiveCfg = Release|Any CPU
		{E7FDC75D-C27B-4914-ADED-B6F0AB9A0109}.Release|Any CPU.Build.0 = Release|Any CPU
		{F71CDDD3-CF4A-4D82-9AF2-B14F811C5182}.Debug|Any CPU.ActiveCfg = Debug|Any CPU
		{F71CDDD3-CF4A-4D82-9AF2-B14F811C5182}.Debug|Any CPU.Build.0 = Debug|Any CPU
		{F71CDDD3-CF4A-4D82-9AF2-B14F811C5182}.Release|Any CPU.ActiveCfg = Release|Any CPU
		{F71CDDD3-CF4A-4D82-9AF2-B14F811C5182}.Release|Any CPU.Build.0 = Release|Any CPU
	EndGlobalSection
	GlobalSection(SolutionProperties) = preSolution
		HideSolutionNode = FALSE
	EndGlobalSection
	GlobalSection(ExtensibilityGlobals) = postSolution
		SolutionGuid = {BEAD1E41-85D3-4C14-B314-059E71C2AFDC}
	EndGlobalSection
EndGlobal
