
Microsoft Visual Studio Solution File, Format Version 12.00
# Visual Studio 15
VisualStudioVersion = 15.0.28010.2041
MinimumVisualStudioVersion = 10.0.40219.1
Project("{FAE04EC0-301F-11D3-BF4B-00C04F79EFBC}") = "Blazor001", "Blazor001\Blazor001.csproj", "{D7568CF0-9CFE-42EA-A6B1-0282704E92AB}"
EndProject
Global
	GlobalSection(SolutionConfigurationPlatforms) = preSolution
		Debug|Any CPU = Debug|Any CPU
		Release|Any CPU = Release|Any CPU
	EndGlobalSection
	GlobalSection(ProjectConfigurationPlatforms) = postSolution
		{D7568CF0-9CFE-42EA-A6B1-0282704E92AB}.Debug|Any CPU.ActiveCfg = Debug|Any CPU
		{D7568CF0-9CFE-42EA-A6B1-0282704E92AB}.Debug|Any CPU.Build.0 = Debug|Any CPU
		{D7568CF0-9CFE-42EA-A6B1-0282704E92AB}.Release|Any CPU.ActiveCfg = Release|Any CPU
		{D7568CF0-9CFE-42EA-A6B1-0282704E92AB}.Release|Any CPU.Build.0 = Release|Any CPU
	EndGlobalSection
	GlobalSection(SolutionProperties) = preSolution
		HideSolutionNode = FALSE
	EndGlobalSection
	GlobalSection(ExtensibilityGlobals) = postSolution
		SolutionGuid = {A986C0DC-BE39-4D25-B4E3-81D66BE9FE9C}
	EndGlobalSection
EndGlobal
