
Microsoft Visual Studio Solution File, Format Version 12.00
# Visual Studio 15
VisualStudioVersion = 15.0.27703.2042
MinimumVisualStudioVersion = 10.0.40219.1
Project("{FAE04EC0-301F-11D3-BF4B-00C04F79EFBC}") = "Blazor05", "Blazor05\Blazor05.csproj", "{427CDC38-99CC-4020-BC85-21CBFD6C24ED}"
EndProject
Global
	GlobalSection(SolutionConfigurationPlatforms) = preSolution
		Debug|Any CPU = Debug|Any CPU
		Release|Any CPU = Release|Any CPU
	EndGlobalSection
	GlobalSection(ProjectConfigurationPlatforms) = postSolution
		{427CDC38-99CC-4020-BC85-21CBFD6C24ED}.Debug|Any CPU.ActiveCfg = Debug|Any CPU
		{427CDC38-99CC-4020-BC85-21CBFD6C24ED}.Debug|Any CPU.Build.0 = Debug|Any CPU
		{427CDC38-99CC-4020-BC85-21CBFD6C24ED}.Release|Any CPU.ActiveCfg = Release|Any CPU
		{427CDC38-99CC-4020-BC85-21CBFD6C24ED}.Release|Any CPU.Build.0 = Release|Any CPU
	EndGlobalSection
	GlobalSection(SolutionProperties) = preSolution
		HideSolutionNode = FALSE
	EndGlobalSection
	GlobalSection(ExtensibilityGlobals) = postSolution
		SolutionGuid = {52C60684-0900-43AF-812A-8BD36B7238B7}
	EndGlobalSection
EndGlobal
