
Microsoft Visual Studio Solution File, Format Version 12.00
# Visual Studio 15
VisualStudioVersion = 15.0.26730.12
MinimumVisualStudioVersion = 10.0.40219.1
Project("{FAE04EC0-301F-11D3-BF4B-00C04F79EFBC}") = "FileServer", "FileServer\FileServer.csproj", "{C36F98D6-49CF-4248-8393-7FE4623A2046}"
EndProject
Global
	GlobalSection(SolutionConfigurationPlatforms) = preSolution
		Debug|Any CPU = Debug|Any CPU
		Release|Any CPU = Release|Any CPU
	EndGlobalSection
	GlobalSection(ProjectConfigurationPlatforms) = postSolution
		{C36F98D6-49CF-4248-8393-7FE4623A2046}.Debug|Any CPU.ActiveCfg = Debug|Any CPU
		{C36F98D6-49CF-4248-8393-7FE4623A2046}.Debug|Any CPU.Build.0 = Debug|Any CPU
		{C36F98D6-49CF-4248-8393-7FE4623A2046}.Release|Any CPU.ActiveCfg = Release|Any CPU
		{C36F98D6-49CF-4248-8393-7FE4623A2046}.Release|Any CPU.Build.0 = Release|Any CPU
	EndGlobalSection
	GlobalSection(SolutionProperties) = preSolution
		HideSolutionNode = FALSE
	EndGlobalSection
	GlobalSection(ExtensibilityGlobals) = postSolution
		SolutionGuid = {328261C8-2576-4860-B852-D0A8642D2C94}
	EndGlobalSection
EndGlobal
