
Microsoft Visual Studio Solution File, Format Version 12.00
# Visual Studio 15
VisualStudioVersion = 15.0.26730.12
MinimumVisualStudioVersion = 10.0.40219.1
Project("{FAE04EC0-301F-11D3-BF4B-00C04F79EFBC}") = "MiniWeb", "MiniWeb\MiniWeb.csproj", "{0A5BB5B1-EC26-421C-9E1B-31749068235A}"
EndProject
Global
	GlobalSection(SolutionConfigurationPlatforms) = preSolution
		Debug|Any CPU = Debug|Any CPU
		Release|Any CPU = Release|Any CPU
	EndGlobalSection
	GlobalSection(ProjectConfigurationPlatforms) = postSolution
		{0A5BB5B1-EC26-421C-9E1B-31749068235A}.Debug|Any CPU.ActiveCfg = Debug|Any CPU
		{0A5BB5B1-EC26-421C-9E1B-31749068235A}.Debug|Any CPU.Build.0 = Debug|Any CPU
		{0A5BB5B1-EC26-421C-9E1B-31749068235A}.Release|Any CPU.ActiveCfg = Release|Any CPU
		{0A5BB5B1-EC26-421C-9E1B-31749068235A}.Release|Any CPU.Build.0 = Release|Any CPU
	EndGlobalSection
	GlobalSection(SolutionProperties) = preSolution
		HideSolutionNode = FALSE
	EndGlobalSection
	GlobalSection(ExtensibilityGlobals) = postSolution
		SolutionGuid = {E75790DA-7E1E-4194-BE10-3E95858DC247}
	EndGlobalSection
EndGlobal
