
Microsoft Visual Studio Solution File, Format Version 12.00
# Visual Studio 15
VisualStudioVersion = 15.0.27703.2042
MinimumVisualStudioVersion = 10.0.40219.1
Project("{FAE04EC0-301F-11D3-BF4B-00C04F79EFBC}") = "CountryFinder05.Server", "CountryFinder05.Server\CountryFinder05.Server.csproj", "{7CCD8C0D-045D-490C-A051-9BEB290D8537}"
EndProject
Project("{FAE04EC0-301F-11D3-BF4B-00C04F79EFBC}") = "CountryFinder05.Client", "CountryFinder05.Client\CountryFinder05.Client.csproj", "{79979463-BDAA-4179-9F1D-E3358F99CA3A}"
EndProject
Project("{FAE04EC0-301F-11D3-BF4B-00C04F79EFBC}") = "CountryFinder05.Shared", "CountryFinder05.Shared\CountryFinder05.Shared.csproj", "{94B5F7A8-1343-420F-986E-9DBF96FA5BC6}"
EndProject
Global
	GlobalSection(SolutionConfigurationPlatforms) = preSolution
		Debug|Any CPU = Debug|Any CPU
		Release|Any CPU = Release|Any CPU
	EndGlobalSection
	GlobalSection(ProjectConfigurationPlatforms) = postSolution
		{7CCD8C0D-045D-490C-A051-9BEB290D8537}.Debug|Any CPU.ActiveCfg = Debug|Any CPU
		{7CCD8C0D-045D-490C-A051-9BEB290D8537}.Debug|Any CPU.Build.0 = Debug|Any CPU
		{7CCD8C0D-045D-490C-A051-9BEB290D8537}.Release|Any CPU.ActiveCfg = Release|Any CPU
		{7CCD8C0D-045D-490C-A051-9BEB290D8537}.Release|Any CPU.Build.0 = Release|Any CPU
		{79979463-BDAA-4179-9F1D-E3358F99CA3A}.Debug|Any CPU.ActiveCfg = Debug|Any CPU
		{79979463-BDAA-4179-9F1D-E3358F99CA3A}.Debug|Any CPU.Build.0 = Debug|Any CPU
		{79979463-BDAA-4179-9F1D-E3358F99CA3A}.Release|Any CPU.ActiveCfg = Release|Any CPU
		{79979463-BDAA-4179-9F1D-E3358F99CA3A}.Release|Any CPU.Build.0 = Release|Any CPU
		{94B5F7A8-1343-420F-986E-9DBF96FA5BC6}.Debug|Any CPU.ActiveCfg = Debug|Any CPU
		{94B5F7A8-1343-420F-986E-9DBF96FA5BC6}.Debug|Any CPU.Build.0 = Debug|Any CPU
		{94B5F7A8-1343-420F-986E-9DBF96FA5BC6}.Release|Any CPU.ActiveCfg = Release|Any CPU
		{94B5F7A8-1343-420F-986E-9DBF96FA5BC6}.Release|Any CPU.Build.0 = Release|Any CPU
	EndGlobalSection
	GlobalSection(SolutionProperties) = preSolution
		HideSolutionNode = FALSE
	EndGlobalSection
	GlobalSection(ExtensibilityGlobals) = postSolution
		SolutionGuid = {2D169492-5072-4F55-BC14-B326A4A4F03F}
	EndGlobalSection
EndGlobal
