
Microsoft Visual Studio Solution File, Format Version 12.00
# Visual Studio 15
VisualStudioVersion = 15.0.27703.2000
MinimumVisualStudioVersion = 10.0.40219.1
Project("{9A19103F-16F7-4668-BE54-9A1E7A4F7556}") = "StdBlazor", "StdBlazor\StdBlazor.csproj", "{390EDAD5-5CED-4EA2-AD71-516D2B5CEC3C}"
EndProject
Project("{FAE04EC0-301F-11D3-BF4B-00C04F79EFBC}") = "FirstBlazor", "FirstBlazor\FirstBlazor.csproj", "{6B21F876-5DA4-4FB1-ACE7-0D5689F70E66}"
EndProject
Global
	GlobalSection(SolutionConfigurationPlatforms) = preSolution
		Debug|Any CPU = Debug|Any CPU
		Release|Any CPU = Release|Any CPU
	EndGlobalSection
	GlobalSection(ProjectConfigurationPlatforms) = postSolution
		{390EDAD5-5CED-4EA2-AD71-516D2B5CEC3C}.Debug|Any CPU.ActiveCfg = Debug|Any CPU
		{390EDAD5-5CED-4EA2-AD71-516D2B5CEC3C}.Debug|Any CPU.Build.0 = Debug|Any CPU
		{390EDAD5-5CED-4EA2-AD71-516D2B5CEC3C}.Release|Any CPU.ActiveCfg = Release|Any CPU
		{390EDAD5-5CED-4EA2-AD71-516D2B5CEC3C}.Release|Any CPU.Build.0 = Release|Any CPU
		{6B21F876-5DA4-4FB1-ACE7-0D5689F70E66}.Debug|Any CPU.ActiveCfg = Debug|Any CPU
		{6B21F876-5DA4-4FB1-ACE7-0D5689F70E66}.Debug|Any CPU.Build.0 = Debug|Any CPU
		{6B21F876-5DA4-4FB1-ACE7-0D5689F70E66}.Release|Any CPU.ActiveCfg = Release|Any CPU
		{6B21F876-5DA4-4FB1-ACE7-0D5689F70E66}.Release|Any CPU.Build.0 = Release|Any CPU
	EndGlobalSection
	GlobalSection(SolutionProperties) = preSolution
		HideSolutionNode = FALSE
	EndGlobalSection
	GlobalSection(ExtensibilityGlobals) = postSolution
		SolutionGuid = {18C8DF8A-F558-4FA1-801C-C4E5F19FD48F}
	EndGlobalSection
EndGlobal
