
Microsoft Visual Studio Solution File, Format Version 12.00
# Visual Studio 15
VisualStudioVersion = 15.0.27703.2000
MinimumVisualStudioVersion = 10.0.40219.1
Project("{FAE04EC0-301F-11D3-BF4B-00C04F79EFBC}") = "Blazor0", "Blazor0\Blazor0.csproj", "{54D98B47-1E91-4233-92BF-1E8B8734D54A}"
EndProject
Global
	GlobalSection(SolutionConfigurationPlatforms) = preSolution
		Debug|Any CPU = Debug|Any CPU
		Release|Any CPU = Release|Any CPU
	EndGlobalSection
	GlobalSection(ProjectConfigurationPlatforms) = postSolution
		{54D98B47-1E91-4233-92BF-1E8B8734D54A}.Debug|Any CPU.ActiveCfg = Debug|Any CPU
		{54D98B47-1E91-4233-92BF-1E8B8734D54A}.Debug|Any CPU.Build.0 = Debug|Any CPU
		{54D98B47-1E91-4233-92BF-1E8B8734D54A}.Release|Any CPU.ActiveCfg = Release|Any CPU
		{54D98B47-1E91-4233-92BF-1E8B8734D54A}.Release|Any CPU.Build.0 = Release|Any CPU
	EndGlobalSection
	GlobalSection(SolutionProperties) = preSolution
		HideSolutionNode = FALSE
	EndGlobalSection
	GlobalSection(ExtensibilityGlobals) = postSolution
		SolutionGuid = {CC96649B-657E-446E-B4DF-CB8B616B37F3}
	EndGlobalSection
EndGlobal
