
Microsoft Visual Studio Solution File, Format Version 12.00
Project("{FAE04EC0-301F-11D3-BF4B-00C04F79EFBC}") = "Ch02.Echo", "Ch02.Echo.csproj", "{F6D1743E-6137-4A4C-8E82-6892AA9F23E6}"
EndProject
Global
	GlobalSection(SolutionConfigurationPlatforms) = preSolution
		Debug|Any CPU = Debug|Any CPU
		Release|Any CPU = Release|Any CPU
	EndGlobalSection
	GlobalSection(ProjectConfigurationPlatforms) = postSolution
		{F6D1743E-6137-4A4C-8E82-6892AA9F23E6}.Debug|Any CPU.ActiveCfg = Debug|Any CPU
		{F6D1743E-6137-4A4C-8E82-6892AA9F23E6}.Debug|Any CPU.Build.0 = Debug|Any CPU
		{F6D1743E-6137-4A4C-8E82-6892AA9F23E6}.Release|Any CPU.ActiveCfg = Release|Any CPU
		{F6D1743E-6137-4A4C-8E82-6892AA9F23E6}.Release|Any CPU.Build.0 = Release|Any CPU
	EndGlobalSection
EndGlobal
