
Microsoft Visual Studio Solution File, Format Version 12.00
# Visual Studio 15
VisualStudioVersion = 15.0.27703.2000
MinimumVisualStudioVersion = 10.0.40219.1
Project("{FAE04EC0-301F-11D3-BF4B-00C04F79EFBC}") = "CountryFinder.Server", "CountryFinder.Server\CountryFinder.Server.csproj", "{46FB6571-D0DB-4AB9-A31B-A3CCB022463F}"
EndProject
Project("{FAE04EC0-301F-11D3-BF4B-00C04F79EFBC}") = "CountryFinder.Client", "CountryFinder.Client\CountryFinder.Client.csproj", "{91FC8392-347F-4287-8B32-8856A0B7C4F1}"
EndProject
Project("{FAE04EC0-301F-11D3-BF4B-00C04F79EFBC}") = "CountryFinder.Shared", "CountryFinder.Shared\CountryFinder.Shared.csproj", "{D5CAB598-FC05-4500-B96E-3221062AA005}"
EndProject
Global
	GlobalSection(SolutionConfigurationPlatforms) = preSolution
		Debug|Any CPU = Debug|Any CPU
		Release|Any CPU = Release|Any CPU
	EndGlobalSection
	GlobalSection(ProjectConfigurationPlatforms) = postSolution
		{46FB6571-D0DB-4AB9-A31B-A3CCB022463F}.Debug|Any CPU.ActiveCfg = Debug|Any CPU
		{46FB6571-D0DB-4AB9-A31B-A3CCB022463F}.Debug|Any CPU.Build.0 = Debug|Any CPU
		{46FB6571-D0DB-4AB9-A31B-A3CCB022463F}.Release|Any CPU.ActiveCfg = Release|Any CPU
		{46FB6571-D0DB-4AB9-A31B-A3CCB022463F}.Release|Any CPU.Build.0 = Release|Any CPU
		{91FC8392-347F-4287-8B32-8856A0B7C4F1}.Debug|Any CPU.ActiveCfg = Debug|Any CPU
		{91FC8392-347F-4287-8B32-8856A0B7C4F1}.Debug|Any CPU.Build.0 = Debug|Any CPU
		{91FC8392-347F-4287-8B32-8856A0B7C4F1}.Release|Any CPU.ActiveCfg = Release|Any CPU
		{91FC8392-347F-4287-8B32-8856A0B7C4F1}.Release|Any CPU.Build.0 = Release|Any CPU
		{D5CAB598-FC05-4500-B96E-3221062AA005}.Debug|Any CPU.ActiveCfg = Debug|Any CPU
		{D5CAB598-FC05-4500-B96E-3221062AA005}.Debug|Any CPU.Build.0 = Debug|Any CPU
		{D5CAB598-FC05-4500-B96E-3221062AA005}.Release|Any CPU.ActiveCfg = Release|Any CPU
		{D5CAB598-FC05-4500-B96E-3221062AA005}.Release|Any CPU.Build.0 = Release|Any CPU
	EndGlobalSection
	GlobalSection(SolutionProperties) = preSolution
		HideSolutionNode = FALSE
	EndGlobalSection
	GlobalSection(ExtensibilityGlobals) = postSolution
		SolutionGuid = {311978B3-1FB0-4DA1-9AE0-617CD3D0DCB2}
	EndGlobalSection
EndGlobal
